
Microsoft Visual Studio Solution File, Format Version 12.00
# Visual Studio Version 16
VisualStudioVersion = 16.0.33801.447
MinimumVisualStudioVersion = 10.0.40219.1
Project("{FAE04EC0-301F-11D3-BF4B-00C04F79EFBC}") = "Medical", "Medical.csproj", "{EAFA8850-CA9E-4E72-BBC4-7EEC6955F284}"
EndProject
Global
	GlobalSection(SolutionConfigurationPlatforms) = preSolution
		Debug|Any CPU = Debug|Any CPU
		Release|Any CPU = Release|Any CPU
	EndGlobalSection
	GlobalSection(ProjectConfigurationPlatforms) = postSolution
		{EAFA8850-CA9E-4E72-BBC4-7EEC6955F284}.Debug|Any CPU.ActiveCfg = Debug|Any CPU
		{EAFA8850-CA9E-4E72-BBC4-7EEC6955F284}.Debug|Any CPU.Build.0 = Debug|Any CPU
		{EAFA8850-CA9E-4E72-BBC4-7EEC6955F284}.Release|Any CPU.ActiveCfg = Release|Any CPU
		{EAFA8850-CA9E-4E72-BBC4-7EEC6955F284}.Release|Any CPU.Build.0 = Release|Any CPU
	EndGlobalSection
	GlobalSection(SolutionProperties) = preSolution
		HideSolutionNode = FALSE
	EndGlobalSection
	GlobalSection(ExtensibilityGlobals) = postSolution
		SolutionGuid = {D50FE294-1E58-448A-8F6A-E5653CFB5EBE}
	EndGlobalSection
EndGlobal
